
Microsoft Visual Studio Solution File, Format Version 12.00
# Visual Studio 15
VisualStudioVersion = 15.0.28307.539
MinimumVisualStudioVersion = 10.0.40219.1
Project("{FAE04EC0-301F-11D3-BF4B-00C04F79EFBC}") = "DotNetByteBuffer", "DotNetByteBuffer\DotNetByteBuffer.csproj", "{8FEC62B2-F42E-4674-9199-16B026745B42}"
EndProject
Project("{FAE04EC0-301F-11D3-BF4B-00C04F79EFBC}") = "DotNetByteBuffer.Unit", "DotNetByteBuffer.Unit\DotNetByteBuffer.Unit.csproj", "{88C86F3E-C1E2-451B-85A9-AA1D9FEA06A0}"
EndProject
Global
	GlobalSection(SolutionConfigurationPlatforms) = preSolution
		Debug|Any CPU = Debug|Any CPU
		Release|Any CPU = Release|Any CPU
	EndGlobalSection
	GlobalSection(ProjectConfigurationPlatforms) = postSolution
		{8FEC62B2-F42E-4674-9199-16B026745B42}.Debug|Any CPU.ActiveCfg = Debug|Any CPU
		{8FEC62B2-F42E-4674-9199-16B026745B42}.Debug|Any CPU.Build.0 = Debug|Any CPU
		{8FEC62B2-F42E-4674-9199-16B026745B42}.Release|Any CPU.ActiveCfg = Release|Any CPU
		{8FEC62B2-F42E-4674-9199-16B026745B42}.Release|Any CPU.Build.0 = Release|Any CPU
		{88C86F3E-C1E2-451B-85A9-AA1D9FEA06A0}.Debug|Any CPU.ActiveCfg = Debug|Any CPU
		{88C86F3E-C1E2-451B-85A9-AA1D9FEA06A0}.Debug|Any CPU.Build.0 = Debug|Any CPU
		{88C86F3E-C1E2-451B-85A9-AA1D9FEA06A0}.Release|Any CPU.ActiveCfg = Release|Any CPU
		{88C86F3E-C1E2-451B-85A9-AA1D9FEA06A0}.Release|Any CPU.Build.0 = Release|Any CPU
	EndGlobalSection
	GlobalSection(SolutionProperties) = preSolution
		HideSolutionNode = FALSE
	EndGlobalSection
	GlobalSection(ExtensibilityGlobals) = postSolution
		SolutionGuid = {0DDBC78F-CF5E-47D5-B1F8-D1436A621E82}
	EndGlobalSection
EndGlobal
